
Microsoft Visual Studio Solution File, Format Version 12.00
# Visual Studio Version 16
VisualStudioVersion = 16.0.31702.278
MinimumVisualStudioVersion = 10.0.40219.1
Project("{FAE04EC0-301F-11D3-BF4B-00C04F79EFBC}") = "Gui3.1", "Gui3.1\Gui3.1.csproj", "{83DEA204-9B36-4B9E-86CA-7106350DE22A}"
EndProject
Global
	GlobalSection(SolutionConfigurationPlatforms) = preSolution
		Debug|Any CPU = Debug|Any CPU
		Release|Any CPU = Release|Any CPU
	EndGlobalSection
	GlobalSection(ProjectConfigurationPlatforms) = postSolution
		{83DEA204-9B36-4B9E-86CA-7106350DE22A}.Debug|Any CPU.ActiveCfg = Debug|Any CPU
		{83DEA204-9B36-4B9E-86CA-7106350DE22A}.Debug|Any CPU.Build.0 = Debug|Any CPU
		{83DEA204-9B36-4B9E-86CA-7106350DE22A}.Release|Any CPU.ActiveCfg = Release|Any CPU
		{83DEA204-9B36-4B9E-86CA-7106350DE22A}.Release|Any CPU.Build.0 = Release|Any CPU
	EndGlobalSection
	GlobalSection(SolutionProperties) = preSolution
		HideSolutionNode = FALSE
	EndGlobalSection
	GlobalSection(ExtensibilityGlobals) = postSolution
		SolutionGuid = {F9A2B903-B244-4D5A-95E6-BA2A425E678E}
	EndGlobalSection
EndGlobal
